
Microsoft Visual Studio Solution File, Format Version 12.00
# Visual Studio Version 17
VisualStudioVersion = 17.14.36414.22 d17.14
MinimumVisualStudioVersion = 10.0.40219.1
Project("{2150E333-8FDC-42A3-9474-1A3956D46DE8}") = "29_Bridges_of_Madison", "29_Bridges_of_Madison", "{02EA681E-C7D8-13C7-8484-4AC65E1B71E8}"
EndProject
Project("{FAE04EC0-301F-11D3-BF4B-00C04F79EFBC}") = "29_Bridges_of_Madison", "29_Bridges_of_Madison\29_Bridges_of_Madison.csproj", "{15C94278-EADB-4F91-8F10-99EEE45C762E}"
EndProject
Global
	GlobalSection(SolutionConfigurationPlatforms) = preSolution
		Debug|Any CPU = Debug|Any CPU
		Release|Any CPU = Release|Any CPU
	EndGlobalSection
	GlobalSection(ProjectConfigurationPlatforms) = postSolution
		{15C94278-EADB-4F91-8F10-99EEE45C762E}.Debug|Any CPU.ActiveCfg = Debug|Any CPU
		{15C94278-EADB-4F91-8F10-99EEE45C762E}.Debug|Any CPU.Build.0 = Debug|Any CPU
		{15C94278-EADB-4F91-8F10-99EEE45C762E}.Release|Any CPU.ActiveCfg = Release|Any CPU
		{15C94278-EADB-4F91-8F10-99EEE45C762E}.Release|Any CPU.Build.0 = Release|Any CPU
	EndGlobalSection
	GlobalSection(SolutionProperties) = preSolution
		HideSolutionNode = FALSE
	EndGlobalSection
	GlobalSection(NestedProjects) = preSolution
		{15C94278-EADB-4F91-8F10-99EEE45C762E} = {02EA681E-C7D8-13C7-8484-4AC65E1B71E8}
	EndGlobalSection
	GlobalSection(ExtensibilityGlobals) = postSolution
		SolutionGuid = {5F528528-DD31-43BF-BD9B-2E150131C0ED}
	EndGlobalSection
EndGlobal
